Microsoft Visual Studio Solution File, Format Version 12.00
# Visual Studio Version 17
VisualStudioVersion = 17.5.2.0
MinimumVisualStudioVersion = 10.0.40219.1
Project("{FAE04EC0-301F-11D3-BF4B-00C04F79EFBC}") = "AvalonixAPI", "AvalonixAPI.csproj", "{B0DD8EDF-D834-0778-CCA4-C5FE90C9CBC1}"
EndProject
Global
	GlobalSection(SolutionConfigurationPlatforms) = preSolution
		Debug|Any CPU = Debug|Any CPU
		Release|Any CPU = Release|Any CPU
	EndGlobalSection
	GlobalSection(ProjectConfigurationPlatforms) = postSolution
		{B0DD8EDF-D834-0778-CCA4-C5FE90C9CBC1}.Debug|Any CPU.ActiveCfg = Debug|Any CPU
		{B0DD8EDF-D834-0778-CCA4-C5FE90C9CBC1}.Debug|Any CPU.Build.0 = Debug|Any CPU
		{B0DD8EDF-D834-0778-CCA4-C5FE90C9CBC1}.Release|Any CPU.ActiveCfg = Release|Any CPU
		{B0DD8EDF-D834-0778-CCA4-C5FE90C9CBC1}.Release|Any CPU.Build.0 = Release|Any CPU
	EndGlobalSection
	GlobalSection(SolutionProperties) = preSolution
		HideSolutionNode = FALSE
	EndGlobalSection
	GlobalSection(ExtensibilityGlobals) = postSolution
		SolutionGuid = {EA9FE8B0-6810-4AA9-9E33-2AC90DDFE744}
	EndGlobalSection
EndGlobal
